{
  "name": "plate-editor-evidence",
  "version": "0.0.0",
  "lockfileVersion": 3,
  "requires": true,
  "packages": {
    "": {
      "name": "plate-editor-evidence",
      "version": "0.0.0",
      "devDependencies": {
        "@shapeshift-labs/evidence-kit": "0.1.2"
      }
    },
    "node_modules/@shapeshift-labs/evidence-kit": {
      "version": "0.1.2",
      "resolved": "https://registry.npmjs.org/@shapeshift-labs/evidence-kit/-/evidence-kit-0.1.2.tgz",
      "integrity": "sha512-6dlbDROeOLBZrY4NDqBB++4++uOE8bEn9MgJQC0LI78HaLn/huARalAW9M1R7YEzTEwB7st7AY79FHwiLdJb8g==",
      "dev": true,
      "license": "MIT",
      "bin": {
        "evidence-kit": "src/cli.mjs"
      },
      "engines": {
        "node": ">=20"
      }
    }
  }
}
