# This file is generated by running "yarn install" inside your project.
# Manual changes might be lost - proceed with caution!

__metadata:
  version: 7
  cacheKey: 9

"@babel/code-frame@npm:^7.16.7":
  version: 7.16.7
  resolution: "@babel/code-frame@npm:7.16.7"
  dependencies:
    "@babel/highlight": "npm:^7.16.7"
  checksum: 605f3530f232ac4906c19c768570739770679b73568dfc2421a70e4fcd2fb6e0e44cf8b72db058b96a4511c4dca8c3ca5c191e6329a56be6dd175d32abe3aeff
  languageName: node
  linkType: hard

"@babel/generator@npm:^7.18.2":
  version: 7.18.2
  resolution: "@babel/generator@npm:7.18.2"
  dependencies:
    "@babel/types": "npm:^7.18.2"
    "@jridgewell/gen-mapping": "npm:^0.3.0"
    jsesc: "npm:^2.5.1"
  checksum: 2396f87eb0db79779379d00eb5ab6baac8d39be580fab456aa13d8ab76caff71ead1e073497fd1700a260f0165924fb73e66def98a27648124b2b857fd484648
  languageName: node
  linkType: hard

"@babel/helper-annotate-as-pure@npm:^7.16.0":
  version: 7.16.7
  resolution: "@babel/helper-annotate-as-pure@npm:7.16.7"
  dependencies:
    "@babel/types": "npm:^7.16.7"
  checksum: b23bafa3f7bd9aeebdd0a4acfd6e2fb942eaa0ea1beb1ef000c92b0baab4209a5b95b2286a1c15f56feb9a5a41e5ca9dc3eed970b4861f5b0e4d8b0a8a930690
  languageName: node
  linkType: hard

"@babel/helper-environment-visitor@npm:^7.18.2":
  version: 7.18.2
  resolution: "@babel/helper-environment-visitor@npm:7.18.2"
  checksum: 316a685c99af00a8a61f37dcb4c58a7aa0a20a68facc82ab5444edd0f43c208fdf8a0719855925764ef742e9e52382e761d9c7ff8e2574260ea317a5684f4573
  languageName: node
  linkType: hard

"@babel/helper-function-name@npm:^7.17.9":
  version: 7.17.9
  resolution: "@babel/helper-function-name@npm:7.17.9"
  dependencies:
    "@babel/template": "npm:^7.16.7"
    "@babel/types": "npm:^7.17.0"
  checksum: b5db19701d8ac43cd2dbae0aabe7ed31fe7e255db96201778731bb311daf2f42e20b3bed18e6c24ba7227d35c3e3f59852211b96c7782b3baf7c518c959eca1b
  languageName: node
  linkType: hard

"@babel/helper-hoist-variables@npm:^7.16.7":
  version: 7.16.7
  resolution: "@babel/helper-hoist-variables@npm:7.16.7"
  dependencies:
    "@babel/types": "npm:^7.16.7"
  checksum: 1e03d064d199d761fab4b4f7337adb0d4a6dfa863f7732d852d8fa2f0969b1c0e91fe2882bbd04e6cb5ad69690ac8fa20afeaa15702946133b9d7e90354094e9
  languageName: node
  linkType: hard

"@babel/helper-module-imports@npm:^7.0.0, @babel/helper-module-imports@npm:^7.16.0":
  version: 7.16.7
  resolution: "@babel/helper-module-imports@npm:7.16.7"
  dependencies:
    "@babel/types": "npm:^7.16.7"
  checksum: 1f16f73f6c221fa401b9342884c331f560946a75b8ed66d45a1e25411a73cf91d79fa8ed337a3dcfb1ab9ba4178fb59c1543ab509ba5396295c5e5a08c373046
  languageName: node
  linkType: hard

"@babel/helper-split-export-declaration@npm:^7.16.7":
  version: 7.16.7
  resolution: "@babel/helper-split-export-declaration@npm:7.16.7"
  dependencies:
    "@babel/types": "npm:^7.16.7"
  checksum: 56bddffdda8782a7c2e8d21314775a288b98d7d5aec39b217c9a636723e6feb13b945fb3c7b5c0002c8aca3c6639afa1c06afd96ab30830c71a42bf6e67aa35f
  languageName: node
  linkType: hard

"@babel/helper-validator-identifier@npm:^7.16.7":
  version: 7.16.7
  resolution: "@babel/helper-validator-identifier@npm:7.16.7"
  checksum: c4327f7ed94b02f8498cc27e192161be20c3bbd7e584932adeabe00e033ef58dc7de8fb1aab65ba552cb7d52623de216a2871982421e7aa9790a1c30631d38d4
  languageName: node
  linkType: hard

"@babel/highlight@npm:^7.16.7":
  version: 7.17.12
  resolution: "@babel/highlight@npm:7.17.12"
  dependencies:
    "@babel/helper-validator-identifier": "npm:^7.16.7"
    chalk: "npm:^2.0.0"
    js-tokens: "npm:^4.0.0"
  checksum: 2e073b7de7943e3e66af4bfaec32287aad50b767b3cc933761ea647ae7f4797b203f8e37a1f52f2910f15dadbbff80ae081e995c2ac47962dca827450c6d530b
  languageName: node
  linkType: hard

"@babel/parser@npm:^7.16.7, @babel/parser@npm:^7.18.5":
  version: 7.18.5
  resolution: "@babel/parser@npm:7.18.5"
  bin:
    parser: ./bin/babel-parser.js
  checksum: a46f05684b175ba57e9878c313cd000b277fe40acda0d023e95d65ed041731c1123365ce7406b4c2f57fd0fc0a9e302acab619c4f9fbcd39ebb7faa4f81d93bf
  languageName: node
  linkType: hard

"@babel/runtime@npm:^7.10.5, @babel/runtime@npm:^7.12.13, @babel/runtime@npm:^7.12.5":
  version: 7.18.3
  resolution: "@babel/runtime@npm:7.18.3"
  dependencies:
    regenerator-runtime: "npm:^0.13.4"
  checksum: 01d7223923c2f900d7308c1c67b2ee20c11a347d0a4d80dacb3f16322298edb7a4dc1abfba9cb2238c96c1dcf6413c0e6165ed8cf1c17343a8b559a6e2777180
  languageName: node
  linkType: hard

"@babel/template@npm:^7.16.7":
  version: 7.16.7
  resolution: "@babel/template@npm:7.16.7"
  dependencies:
    "@babel/code-frame": "npm:^7.16.7"
    "@babel/parser": "npm:^7.16.7"
    "@babel/types": "npm:^7.16.7"
  checksum: 24c416a2a7dbafb58eaea567d553b3d326e81987a69a3672eddbf5a790c54d925e1e6ff24e18d3bf8405cbe8bde500922dd4d4918335b3daede9cd703948f992
  languageName: node
  linkType: hard

"@babel/traverse@npm:^7.4.5":
  version: 7.18.5
  resolution: "@babel/traverse@npm:7.18.5"
  dependencies:
    "@babel/code-frame": "npm:^7.16.7"
    "@babel/generator": "npm:^7.18.2"
    "@babel/helper-environment-visitor": "npm:^7.18.2"
    "@babel/helper-function-name": "npm:^7.17.9"
    "@babel/helper-hoist-variables": "npm:^7.16.7"
    "@babel/helper-split-export-declaration": "npm:^7.16.7"
    "@babel/parser": "npm:^7.18.5"
    "@babel/types": "npm:^7.18.4"
    debug: "npm:^4.1.0"
    globals: "npm:^11.1.0"
  checksum: 020d00e807f2e91e01098dde9405b433156f36fca937cc54cecc6f6f217e7031688557d8830a127fd92df5888f2265de7f5f16f460b4f972d87daf3187ce482a
  languageName: node
  linkType: hard

"@babel/types@npm:^7.16.7, @babel/types@npm:^7.17.0, @babel/types@npm:^7.18.2, @babel/types@npm:^7.18.4, @babel/types@npm:^7.8.3":
  version: 7.18.4
  resolution: "@babel/types@npm:7.18.4"
  dependencies:
    "@babel/helper-validator-identifier": "npm:^7.16.7"
    to-fast-properties: "npm:^2.0.0"
  checksum: 1a7f014d486a90b597c6e29c763658c3a4753b75b1dc75151067af2f310f2bba48a8890c7058faee8e1d54f8eb12a55354e3ce6333efb41b32ada1b884160e2b
  languageName: node
  linkType: hard

"@emotion/is-prop-valid@npm:^0.8.7, @emotion/is-prop-valid@npm:^0.8.8":
  version: 0.8.8
  resolution: "@emotion/is-prop-valid@npm:0.8.8"
  dependencies:
    "@emotion/memoize": "npm:0.7.4"
  checksum: 2709fd849da334055e4bb29724647af73209a3e7f274ff3ad24d55e244747ade89daf4526bf541837559adb271f70ad26c60d311f51c4bdcc8728e6b14eb3d18
  languageName: node
  linkType: hard

"@emotion/memoize@npm:0.7.4":
  version: 0.7.4
  resolution: "@emotion/memoize@npm:0.7.4"
  checksum: 6ea6add503898a3ffa90d549c7d841ba31652a37fd12c1517574d7aebcfa7735583489ff0678e28626e33c34f701cb1e9ced71dd4684cb8d43efc054f11bcaff
  languageName: node
  linkType: hard

"@emotion/stylis@npm:^0.8.4":
  version: 0.8.5
  resolution: "@emotion/stylis@npm:0.8.5"
  checksum: 0368ecbfbe358fa2f9ed9f2b550da23a50e92661c706df744e3d586e1c3db7cb2de96cc324659b2678c17ab30d7be0c53bb54b9a6fc0326f3bdc4991edd48724
  languageName: node
  linkType: hard

"@emotion/unitless@npm:^0.7.4":
  version: 0.7.5
  resolution: "@emotion/unitless@npm:0.7.5"
  checksum: 7d85f5dfc8b5b394e3a0c35400ba96afb4e6160473f5e0a88d2b5eb3657b69341c65a5f4913f5a61b578ce4a210247f484b947af3f44f7ebeb6d936956652e14
  languageName: node
  linkType: hard

"@faker-js/faker@npm:7.3.0":
  version: 7.3.0
  resolution: "@faker-js/faker@npm:7.3.0"
  checksum: 69a2046fe113c1300feebafa2924a785c2b53bcea658647ba196ce33bdea213c59025d2aa25fb138a84ccacd1cb63b38024b215b90f2af2e44f5c930c4b917ac
  languageName: node
  linkType: hard

"@jridgewell/gen-mapping@npm:^0.3.0":
  version: 0.3.1
  resolution: "@jridgewell/gen-mapping@npm:0.3.1"
  dependencies:
    "@jridgewell/set-array": "npm:^1.0.0"
    "@jridgewell/sourcemap-codec": "npm:^1.4.10"
    "@jridgewell/trace-mapping": "npm:^0.3.9"
  checksum: 67b84f3349f53caa7217735f2cd7d3687532dd525b160ca0717ca001bf4e5dde28401fabb8f41389fedfc83bd4437c71005ed409ab70a9bce1d1a37aa22d74ba
  languageName: node
  linkType: hard

"@jridgewell/resolve-uri@npm:^3.0.3":
  version: 3.0.7
  resolution: "@jridgewell/resolve-uri@npm:3.0.7"
  checksum: 0a3496c6cda457a80e335e836ba3de24468e51f90baf3c637636fb8dcb0e040665c2e6ab901ea6de688c28c67910353967cb0228380ee1ee258b7ff68ea78ee2
  languageName: node
  linkType: hard

"@jridgewell/set-array@npm:^1.0.0":
  version: 1.1.1
  resolution: "@jridgewell/set-array@npm:1.1.1"
  checksum: 76bba6caa7836293d6db53148e263d99f196f6214b2c9e475f7a9745fb3f0faaca520efb2d3f0f3656535216dffc9f4c1c28d5bbf67d4586cad5d002a69a0fd4
  languageName: node
  linkType: hard

"@jridgewell/sourcemap-codec@npm:^1.4.10":
  version: 1.4.13
  resolution: "@jridgewell/sourcemap-codec@npm:1.4.13"
  checksum: e2a993e98217372c43b09c7429f6ba42f85c00655d11b0042a36cb33496444b7a0e31472f149088d2dc2abc761807e3048767cac08e78d100bdf7ffbf511fe91
  languageName: node
  linkType: hard

"@jridgewell/trace-mapping@npm:^0.3.9":
  version: 0.3.13
  resolution: "@jridgewell/trace-mapping@npm:0.3.13"
  dependencies:
    "@jridgewell/resolve-uri": "npm:^3.0.3"
    "@jridgewell/sourcemap-codec": "npm:^1.4.10"
  checksum: 771b0ff7dc06d1e9cf2e74390f4a75f00cc6ad2e6dca46b78bcfec5768444e1ce1e195ceb9fdd3ea1ed4bbf881fcacbde8c55d690d4403a1774cbe0b88b4f3a2
  languageName: node
  linkType: hard

"@next/env@npm:12.1.6":
  version: 12.1.6
  resolution: "@next/env@npm:12.1.6"
  checksum: 1137a722ae6b1e41ffe28caca45929f1a18764b8b8baeda80cd91611b78fc1b8164cf634d534dd4f4e97b412efac1aaf3c7a1f8b14db7dee54e3643d922e8792
  languageName: node
  linkType: hard

"@next/swc-android-arm-eabi@npm:12.1.6":
  version: 12.1.6
  resolution: "@next/swc-android-arm-eabi@npm:12.1.6"
  conditions: os=android & cpu=arm
  languageName: node
  linkType: hard

"@next/swc-android-arm64@npm:12.1.6":
  version: 12.1.6
  resolution: "@next/swc-android-arm64@npm:12.1.6"
  conditions: os=android & cpu=arm64
  languageName: node
  linkType: hard

"@next/swc-darwin-arm64@npm:12.1.6":
  version: 12.1.6
  resolution: "@next/swc-darwin-arm64@npm:12.1.6"
  conditions: os=darwin & cpu=arm64
  languageName: node
  linkType: hard

"@next/swc-darwin-x64@npm:12.1.6":
  version: 12.1.6
  resolution: "@next/swc-darwin-x64@npm:12.1.6"
  conditions: os=darwin & cpu=x64
  languageName: node
  linkType: hard

"@next/swc-linux-arm-gnueabihf@npm:12.1.6":
  version: 12.1.6
  resolution: "@next/swc-linux-arm-gnueabihf@npm:12.1.6"
  conditions: os=linux & cpu=arm
  languageName: node
  linkType: hard

"@next/swc-linux-arm64-gnu@npm:12.1.6":
  version: 12.1.6
  resolution: "@next/swc-linux-arm64-gnu@npm:12.1.6"
  conditions: os=linux & cpu=arm64 & libc=glibc
  languageName: node
  linkType: hard

"@next/swc-linux-arm64-musl@npm:12.1.6":
  version: 12.1.6
  resolution: "@next/swc-linux-arm64-musl@npm:12.1.6"
  conditions: os=linux & cpu=arm64 & libc=musl
  languageName: node
  linkType: hard

"@next/swc-linux-x64-gnu@npm:12.1.6":
  version: 12.1.6
  resolution: "@next/swc-linux-x64-gnu@npm:12.1.6"
  conditions: os=linux & cpu=x64 & libc=glibc
  languageName: node
  linkType: hard

"@next/swc-linux-x64-musl@npm:12.1.6":
  version: 12.1.6
  resolution: "@next/swc-linux-x64-musl@npm:12.1.6"
  conditions: os=linux & cpu=x64 & libc=musl
  languageName: node
  linkType: hard

"@next/swc-win32-arm64-msvc@npm:12.1.6":
  version: 12.1.6
  resolution: "@next/swc-win32-arm64-msvc@npm:12.1.6"
  conditions: os=win32 & cpu=arm64
  languageName: node
  linkType: hard

"@next/swc-win32-ia32-msvc@npm:12.1.6":
  version: 12.1.6
  resolution: "@next/swc-win32-ia32-msvc@npm:12.1.6"
  conditions: os=win32 & cpu=ia32
  languageName: node
  linkType: hard

"@next/swc-win32-x64-msvc@npm:12.1.6":
  version: 12.1.6
  resolution: "@next/swc-win32-x64-msvc@npm:12.1.6"
  conditions: os=win32 & cpu=x64
  languageName: node
  linkType: hard

"@popperjs/core@npm:^2.9.0":
  version: 2.11.5
  resolution: "@popperjs/core@npm:2.11.5"
  checksum: 868c9c5fc2765417d55e8a0a2449b9b8ec3f613b626a12905b9700f8413b433a1ee37ec581a929e0c51ea00a32a7fe5b58ea75d3772d7d85146ecdbd0288331b
  languageName: node
  linkType: hard

"@styled-icons/boxicons-regular@npm:10.23.0":
  version: 10.23.0
  resolution: "@styled-icons/boxicons-regular@npm:10.23.0"
  dependencies:
    "@babel/runtime": "npm:^7.12.5"
    "@styled-icons/styled-icon": "npm:^10.6.0"
  peerDependencies:
    react: "*"
    styled-components: "*"
  checksum: 67940302db0d0d0b7609834f746d9b6afa3501af79669a12da819c3a09eb462e936b19c1e7a09ea933819d7051f79529763c14291c4d614710c4aef0deeee705
  languageName: node
  linkType: hard

"@styled-icons/foundation@npm:10.28.0":
  version: 10.28.0
  resolution: "@styled-icons/foundation@npm:10.28.0"
  dependencies:
    "@babel/runtime": "npm:^7.12.13"
    "@styled-icons/styled-icon": "npm:^10.6.0"
  peerDependencies:
    react: "*"
    styled-components: "*"
  checksum: 1e2c30614afe9c0f507868c6bd5f80dc756bb953deb742c128d40c86bc71f661db32f3d4a5560f862f3a047759bf2474fa5003d6ed150864c92e1caee8685b38
  languageName: node
  linkType: hard

"@styled-icons/material@npm:10.28.0":
  version: 10.28.0
  resolution: "@styled-icons/material@npm:10.28.0"
  dependencies:
    "@babel/runtime": "npm:^7.12.13"
    "@styled-icons/styled-icon": "npm:^10.6.0"
  peerDependencies:
    react: "*"
    styled-components: "*"
  checksum: 762a049b04d25ac2023925c8387d3d7397991714d6092eaf8b08d7eed984aec10f68fc01e3d05884308cb69c367828e2cb3a67ff3c4094def293ac66d59fab7a
  languageName: node
  linkType: hard

"@styled-icons/styled-icon@npm:^10.6.0":
  version: 10.6.3
  resolution: "@styled-icons/styled-icon@npm:10.6.3"
  dependencies:
    "@babel/runtime": "npm:^7.10.5"
    "@emotion/is-prop-valid": "npm:^0.8.7"
  peerDependencies:
    react: "*"
    styled-components: ">=4.1.0 <6"
  checksum: 24507e54f456fed3e99692b8693ee505bb82a3e4d6f79791ccb593b1c962fc91f5643d8b8afef1b6c292a583bf71fed23f188e54f138103f5610f8c2bd05ce21
  languageName: node
  linkType: hard

"@tippyjs/react@npm:4.2.5":
  version: 4.2.5
  resolution: "@tippyjs/react@npm:4.2.5"
  dependencies:
    tippy.js: "npm:^6.3.1"
  peerDependencies:
    react: ">=16.8"
    react-dom: ">=16.8"
  checksum: 0074e128c42734198c6d170ed687a005508f094976912b4aac15b1bf4f221d0de90662b4804296a67caa8e5cf86c7b84563cbbd3d473d69e108e13de3d8c8240
  languageName: node
  linkType: hard

"@types/hoist-non-react-statics@npm:*":
  version: 3.3.1
  resolution: "@types/hoist-non-react-statics@npm:3.3.1"
  dependencies:
    "@types/react": "npm:*"
    hoist-non-react-statics: "npm:^3.3.0"
  checksum: 6e252131d90ced0948b559b187bac10185040dbb0e2dcfb5c40d065003ea94c79d483e82b5961100e2e021057be3b1087fbbe34d55a302ca7aba6d059470fb33
  languageName: node
  linkType: hard

"@types/is-hotkey@npm:^0.1.1":
  version: 0.1.7
  resolution: "@types/is-hotkey@npm:0.1.7"
  checksum: 950e15b157448fc825d76349f0e0a38fcd2f7c9fb5ac4ece319fe9281be22a7c5186d27e9dbd992bccbb894d71933127f15ee8e8868c1ae3c68a83cb9eb4cc67
  languageName: node
  linkType: hard

"@types/lodash@npm:^4.14.149":
  version: 4.14.182
  resolution: "@types/lodash@npm:4.14.182"
  checksum: 8224b6d4cf7ee471024875c7acae1f19fa7221d28bc1008d79d67503d0707a395f95a6996ee77863f1ffeee15709da0709241b6c3e27d7e498927399f53e7298
  languageName: node
  linkType: hard

"@types/prop-types@npm:*":
  version: 15.7.5
  resolution: "@types/prop-types@npm:15.7.5"
  checksum: a6e04a01e1f632cc3fa5fffd79779f2f83a8fec1293cdf29b5a02aa4e1a1b38a124e824205a40de4e66532a0fa33c4f60337b55cec635080ea2571e55910460f
  languageName: node
  linkType: hard

"@types/react-dom@npm:17.0.17":
  version: 17.0.17
  resolution: "@types/react-dom@npm:17.0.17"
  dependencies:
    "@types/react": "npm:^17"
  checksum: 71b755bbc253c77a5a9c1c79cde91a1fda8224e26f4be20e56b5ebd4cb700281f60255b08cbaaab4f92608af1642b5caa46193843deeed163d519e51e953747a
  languageName: node
  linkType: hard

"@types/react@npm:*":
  version: 18.0.14
  resolution: "@types/react@npm:18.0.14"
  dependencies:
    "@types/prop-types": "npm:*"
    "@types/scheduler": "npm:*"
    csstype: "npm:^3.0.2"
  checksum: cdd28c5c509bb4040c4a0ffc9ee9428b5ca94964172bd3f7cfe9e08ffe72179d166c4457e7afc472cfad6c8f5e17729a518cdf76cb257f1728a03be4ba8186a2
  languageName: node
  linkType: hard

"@types/react@npm:17.0.47, @types/react@npm:^17":
  version: 17.0.47
  resolution: "@types/react@npm:17.0.47"
  dependencies:
    "@types/prop-types": "npm:*"
    "@types/scheduler": "npm:*"
    csstype: "npm:^3.0.2"
  checksum: 9f9b6b73890e83407686d10a28251cf23d71a4c6ba21295e9701194ed58c94895dc2eac19303b419a294c4c4aff0d7d4e5eb458270ee0fa90dbb0b5a37ec3b88
  languageName: node
  linkType: hard

"@types/scheduler@npm:*":
  version: 0.16.2
  resolution: "@types/scheduler@npm:0.16.2"
  checksum: 223d9b12d1eff3fe857e7eb967d640707c2a76ba1126633bae88dce7693301ea8edcce83586a17134a1822f01265f715809860085547b01db8de6a90f5165706
  languageName: node
  linkType: hard

"@types/styled-components@npm:5.1.25":
  version: 5.1.25
  resolution: "@types/styled-components@npm:5.1.25"
  dependencies:
    "@types/hoist-non-react-statics": "npm:*"
    "@types/react": "npm:*"
    csstype: "npm:^3.0.2"
  checksum: 96b09fe31259320265bcb5fb0264a1d9193ae2266ee4612f65233989f344ecca88e71295062cb08492855691723f2c50f4368bd210c774d32483d089cb95bbef
  languageName: node
  linkType: hard

"@udecode/examples@workspace:., @udecode/examples@workspace:^":
  version: 0.0.0-use.local
  resolution: "@udecode/examples@workspace:."
  dependencies:
    "@faker-js/faker": "npm:7.3.0"
    "@styled-icons/boxicons-regular": "npm:10.23.0"
    "@styled-icons/foundation": "npm:10.28.0"
    "@styled-icons/material": "npm:10.28.0"
    "@tippyjs/react": "npm:4.2.5"
    "@types/react": "npm:17.0.47"
    "@types/react-dom": "npm:17.0.17"
    "@types/styled-components": "npm:5.1.25"
    "@udecode/plate": "link:../packages/plate"
    "@udecode/plate-juice": "link:../packages/serializers/juice"
    "@udecode/plate-test-utils": "link:../packages/test-utils"
    "@udecode/plate-ui-excalidraw": "link:../packages/ui/nodes/excalidraw"
    "@udecode/zustood": "npm:1.1.1"
    slate: "npm:0.78.0"
    slate-history: "npm:0.66.0"
    slate-react: "npm:0.79.0"
    styled-components: "npm:5.3.1"
    typescript: "npm:4.5.5"
  languageName: unknown
  linkType: soft

"@udecode/plate-example-next@workspace:apps/next":
  version: 0.0.0-use.local
  resolution: "@udecode/plate-example-next@workspace:apps/next"
  dependencies:
    "@udecode/examples": "workspace:^"
    next: "npm:^12.1.6"
  languageName: unknown
  linkType: soft

"@udecode/plate-juice@link:../packages/serializers/juice::locator=%40udecode%2Fexamples%40workspace%3A.":
  version: 0.0.0-use.local
  resolution: "@udecode/plate-juice@link:../packages/serializers/juice::locator=%40udecode%2Fexamples%40workspace%3A."
  languageName: node
  linkType: soft

"@udecode/plate-test-utils@link:../packages/test-utils::locator=%40udecode%2Fexamples%40workspace%3A.":
  version: 0.0.0-use.local
  resolution: "@udecode/plate-test-utils@link:../packages/test-utils::locator=%40udecode%2Fexamples%40workspace%3A."
  languageName: node
  linkType: soft

"@udecode/plate-ui-excalidraw@link:../packages/ui/nodes/excalidraw::locator=%40udecode%2Fexamples%40workspace%3A.":
  version: 0.0.0-use.local
  resolution: "@udecode/plate-ui-excalidraw@link:../packages/ui/nodes/excalidraw::locator=%40udecode%2Fexamples%40workspace%3A."
  languageName: node
  linkType: soft

"@udecode/plate@link:../packages/plate::locator=%40udecode%2Fexamples%40workspace%3A.":
  version: 0.0.0-use.local
  resolution: "@udecode/plate@link:../packages/plate::locator=%40udecode%2Fexamples%40workspace%3A."
  languageName: node
  linkType: soft

"@udecode/zustood@npm:1.1.1":
  version: 1.1.1
  resolution: "@udecode/zustood@npm:1.1.1"
  dependencies:
    immer: "npm:^9.0.6"
    react-tracked: "npm:^1.7.9"
  peerDependencies:
    zustand: ">=3.5.10"
  checksum: 280352e66c7fdf7d726047e8e9e226022e0ddf59a5c03b0b36354477a76001bc83cddd392f2de64424029018fc5c733bcbe4bac007f0df31a1a51ecae575257f
  languageName: node
  linkType: hard

"ansi-styles@npm:^3.2.1":
  version: 3.2.1
  resolution: "ansi-styles@npm:3.2.1"
  dependencies:
    color-convert: "npm:^1.9.0"
  checksum: 88847a8969fcf787779a2cd03e73cd85ac45cbccace293e1227445dd6452cdf11df752c5f9afdb47343439762b96ae7baad1caf848360576d60be5e92f6842ab
  languageName: node
  linkType: hard

"babel-plugin-styled-components@npm:>= 1.12.0":
  version: 2.0.7
  resolution: "babel-plugin-styled-components@npm:2.0.7"
  dependencies:
    "@babel/helper-annotate-as-pure": "npm:^7.16.0"
    "@babel/helper-module-imports": "npm:^7.16.0"
    babel-plugin-syntax-jsx: "npm:^6.18.0"
    lodash: "npm:^4.17.11"
    picomatch: "npm:^2.3.0"
  peerDependencies:
    styled-components: ">= 2"
  checksum: d18be8e9050d64c83408d980b3e46a75ba406a85321567c9253ec2fc755b7d9ba6e04c2c3d555b68b7aeb8a947cf235e36904ad6aca08617332c0fd38bea2fff
  languageName: node
  linkType: hard

"babel-plugin-syntax-jsx@npm:^6.18.0":
  version: 6.18.0
  resolution: "babel-plugin-syntax-jsx@npm:6.18.0"
  checksum: dd37d9280c365776040a84b8191e3d39cb3e916d34e05af7065d5df921422cbf56a143dac97a5e2e98c08e7b979f453d126fe58433ac8fdec0e1dd79f47b4b08
  languageName: node
  linkType: hard

"camelize@npm:^1.0.0":
  version: 1.0.0
  resolution: "camelize@npm:1.0.0"
  checksum: a13eb1b24d4b02909eb6f64525c1f924cad9ddbfcc0fee5b0d378e22b6aaf223eb98352c32cc53e6ee9fba28d469432d0aef7f0ecc01931d26aa811828568fd2
  languageName: node
  linkType: hard

"caniuse-lite@npm:^1.0.30001332":
  version: 1.0.30001359
  resolution: "caniuse-lite@npm:1.0.30001359"
  checksum: 94c9c9537962bea6c4ead9128cef128d56a7a4960a2a34005b124e5c89ecbede26400aa8d008c96b40158c7d2a043b88d644b461dce06f590a60f9ad062d983e
  languageName: node
  linkType: hard

"chalk@npm:^2.0.0":
  version: 2.4.2
  resolution: "chalk@npm:2.4.2"
  dependencies:
    ansi-styles: "npm:^3.2.1"
    escape-string-regexp: "npm:^1.0.5"
    supports-color: "npm:^5.3.0"
  checksum: befd2fe888067cfc8ceac2e7a6a62ee763b26112479dce4ee396981288fa21d5cdf3cc1b45692c94c7c6dc3638c4dc3ee6ec1c794efdf42b02e02f93039285ec
  languageName: node
  linkType: hard

"color-convert@npm:^1.9.0":
  version: 1.9.3
  resolution: "color-convert@npm:1.9.3"
  dependencies:
    color-name: "npm:1.1.3"
  checksum: 42f852d574dc58609bba286cd7d10a407e213e20515c0d5d1dd8059b3d4373cd76d1057c3a242f441f2dfc6667badeb790a792662082c8038889c9235f4cd9fa
  languageName: node
  linkType: hard

"color-name@npm:1.1.3":
  version: 1.1.3
  resolution: "color-name@npm:1.1.3"
  checksum: b7313c98fd745336a5e1d64921591bcd60e4e0b3894afb56286a4793c4fd304d4a38b00b514845381215ca5ed2994be05d2e1a5a80860b996d26f5f285c77dda
  languageName: node
  linkType: hard

"compute-scroll-into-view@npm:^1.0.17":
  version: 1.0.17
  resolution: "compute-scroll-into-view@npm:1.0.17"
  checksum: e2b5a4bef079c52ed7d26a09044252a48f234b2f395c65a57178031698906322566d1e1de20c4baa770f905374a079b8daa0a8f1c8aa40cb4bf7d106e835f34c
  languageName: node
  linkType: hard

"css-color-keywords@npm:^1.0.0":
  version: 1.0.0
  resolution: "css-color-keywords@npm:1.0.0"
  checksum: f82ad50222db625376d7764278e5fda43c58be64568d739c05e1406b4c74dfa376bb0bbee273cc39e579f65222175ae5d5aa3f9b34cfdcd67aea2d4655ee512f
  languageName: node
  linkType: hard

"css-to-react-native@npm:^3.0.0":
  version: 3.0.0
  resolution: "css-to-react-native@npm:3.0.0"
  dependencies:
    camelize: "npm:^1.0.0"
    css-color-keywords: "npm:^1.0.0"
    postcss-value-parser: "npm:^4.0.2"
  checksum: 424d600adb0915b4a9958d60488d58dc0a1d1445dfaf638fd117918c0be5c549393d15655a62353cbb4e7d9e4ceaebd1acf2c0cc14dfe67eebf9f5de44f2eb03
  languageName: node
  linkType: hard

"csstype@npm:^3.0.2":
  version: 3.1.0
  resolution: "csstype@npm:3.1.0"
  checksum: fbe7e1dfc64482b370e5ceead6158636dc1eb76b4e6a6d328360548c1951c14e6bbc0516533b58faba4d40ced409324393ffd843febc4bb60302a64692e46788
  languageName: node
  linkType: hard

"debug@npm:^4.1.0":
  version: 4.3.4
  resolution: "debug@npm:4.3.4"
  dependencies:
    ms: "npm:2.1.2"
  peerDependenciesMeta:
    supports-color:
      optional: true
  checksum: ab50d98b6f2a0e803379e8f789017f4215efd0e085774623e462c691e9f99bfd359a35f7424ff401da3ea58b31f89ceebc9ea35779b4a94f78b0ee3e235b6640
  languageName: node
  linkType: hard

"direction@npm:^1.0.3":
  version: 1.0.4
  resolution: "direction@npm:1.0.4"
  bin:
    direction: cli.js
  checksum: 3fd08dd946e7c2b70d99edfbfe3cbe3077bf71e142e8d06ec784e7841c1f2c4cb12607b52c13e82a5468e07858b73334962add6b625bd8ab5cec6802de069220
  languageName: node
  linkType: hard

"escape-string-regexp@npm:^1.0.5":
  version: 1.0.5
  resolution: "escape-string-regexp@npm:1.0.5"
  checksum: 14d2c74a990b4a0ae55f299409693533a620402a6efa02b201d7e2ea60c71a516c36ccfcaf2aa604262eec6c4628bf8b9647e211fb179277cb479bd870c906fa
  languageName: node
  linkType: hard

"globals@npm:^11.1.0":
  version: 11.12.0
  resolution: "globals@npm:11.12.0"
  checksum: f404eda4b8f32fb5c1a72edf45123ac85a3ec6441f746ec98f7e77fdea8b0bfa580d3cf9b5f8a1977fa6cbbb10b349212c8b699be414491d08f313d3e6dfe6d9
  languageName: node
  linkType: hard

"has-flag@npm:^3.0.0":
  version: 3.0.0
  resolution: "has-flag@npm:3.0.0"
  checksum: b1cb757b71bca736b4f7a060d52a7914b1438d7bd7ba3cb783f71728c7a72d51520955d477d54fce75e19a859d93fadc9b707de019c141c45f2e560c48beb1f9
  languageName: node
  linkType: hard

"hoist-non-react-statics@npm:^3.0.0, hoist-non-react-statics@npm:^3.3.0":
  version: 3.3.2
  resolution: "hoist-non-react-statics@npm:3.3.2"
  dependencies:
    react-is: "npm:^16.7.0"
  checksum: fb03b1e426696928dfbae467baf12bdf123fccb051d92fd677c4f290d43dea52ebe7a555c3afc6f3babc657961df2ab50a70bb13739be72904f893598b98b8d7
  languageName: node
  linkType: hard

"immer@npm:^9.0.6":
  version: 9.0.15
  resolution: "immer@npm:9.0.15"
  checksum: 1805963014da1349a7164066692f2246a634e3197d7e48b3d33bb88447b4841d7c314ef414bb0059e83d46bd883b39add2a8d96dff40a54943d2ba8000ba109d
  languageName: node
  linkType: hard

"is-hotkey@npm:^0.1.6":
  version: 0.1.8
  resolution: "is-hotkey@npm:0.1.8"
  checksum: 0fd88b39c4295106ca57c2bd3f8feb2a96c80f3218ab1ccd16860185e3a337be24d54d200f35872cf47ee529ed21759350e6454406f6ce2e6abe9d7153de5c9a
  languageName: node
  linkType: hard

"is-plain-object@npm:^5.0.0":
  version: 5.0.0
  resolution: "is-plain-object@npm:5.0.0"
  checksum: fd152d0cadce30fc41b1294e5e63a6bc696a82102828d77e63cf9eb01510c011c9c2ca432babb372356ac24ec164427ecf0c9633a4ea044b4de18d92be013700
  languageName: node
  linkType: hard

"js-tokens@npm:^4.0.0":
  version: 4.0.0
  resolution: "js-tokens@npm:4.0.0"
  checksum: 47d1c18dc6b9eed4baf1db3d81b36feb95b463201c82ffce0d7a4d65ede596ba97d6ac2468974199705db9ef8a3433606af41fc7bbe7cb25c1dd601785413d9b
  languageName: node
  linkType: hard

"jsesc@npm:^2.5.1":
  version: 2.5.2
  resolution: "jsesc@npm:2.5.2"
  bin:
    jsesc: bin/jsesc
  checksum: 145808bbe202187ed901a7c41d1ca88386fba41da2fc56f8e450ac07a240cc7fdb4828a6a7b7e4773931c0cee8eb938523215b3d2d2ab568ac4640d7abceaef6
  languageName: node
  linkType: hard

"lodash@npm:^4.17.11, lodash@npm:^4.17.4":
  version: 4.17.21
  resolution: "lodash@npm:4.17.21"
  checksum: 3ac18e92108d68f88429fcddee609e42cf2b653583d9bac22308815a4cd6b185b89a0ad0d9b0c670c371d9d6b61571a98fee6b36e1db14e52766ca253ed9cba0
  languageName: node
  linkType: hard

"ms@npm:2.1.2":
  version: 2.1.2
  resolution: "ms@npm:2.1.2"
  checksum: 3f46af60a08158f1c77746c06c2f6c7aba7feddafd41335f9baa2d7e0741d7539774aa7d5d1661a7f2b7eed55a7063771297eea016051924dbb04d4c2bf40bcb
  languageName: node
  linkType: hard

"nanoid@npm:^3.1.30":
  version: 3.3.4
  resolution: "nanoid@npm:3.3.4"
  bin:
    nanoid: bin/nanoid.cjs
  checksum: 53d605377c76614170df4b5a8d3fa21f13c7077453a77e2393a9fe3df5722022f6b94a671f406b51f81e9c937a6928555c1589e3c46a0d9d29f31872d1362246
  languageName: node
  linkType: hard

"next@npm:^12.1.6":
  version: 12.1.6
  resolution: "next@npm:12.1.6"
  dependencies:
    "@next/env": "npm:12.1.6"
    "@next/swc-android-arm-eabi": "npm:12.1.6"
    "@next/swc-android-arm64": "npm:12.1.6"
    "@next/swc-darwin-arm64": "npm:12.1.6"
    "@next/swc-darwin-x64": "npm:12.1.6"
    "@next/swc-linux-arm-gnueabihf": "npm:12.1.6"
    "@next/swc-linux-arm64-gnu": "npm:12.1.6"
    "@next/swc-linux-arm64-musl": "npm:12.1.6"
    "@next/swc-linux-x64-gnu": "npm:12.1.6"
    "@next/swc-linux-x64-musl": "npm:12.1.6"
    "@next/swc-win32-arm64-msvc": "npm:12.1.6"
    "@next/swc-win32-ia32-msvc": "npm:12.1.6"
    "@next/swc-win32-x64-msvc": "npm:12.1.6"
    caniuse-lite: "npm:^1.0.30001332"
    postcss: "npm:8.4.5"
    styled-jsx: "npm:5.0.2"
  peerDependencies:
    fibers: ">= 3.1.0"
    node-sass: ^6.0.0 || ^7.0.0
    react: ^17.0.2 || ^18.0.0-0
    react-dom: ^17.0.2 || ^18.0.0-0
    sass: ^1.3.0
  dependenciesMeta:
    "@next/swc-android-arm-eabi":
      optional: true
    "@next/swc-android-arm64":
      optional: true
    "@next/swc-darwin-arm64":
      optional: true
    "@next/swc-darwin-x64":
      optional: true
    "@next/swc-linux-arm-gnueabihf":
      optional: true
    "@next/swc-linux-arm64-gnu":
      optional: true
    "@next/swc-linux-arm64-musl":
      optional: true
    "@next/swc-linux-x64-gnu":
      optional: true
    "@next/swc-linux-x64-musl":
      optional: true
    "@next/swc-win32-arm64-msvc":
      optional: true
    "@next/swc-win32-ia32-msvc":
      optional: true
    "@next/swc-win32-x64-msvc":
      optional: true
  peerDependenciesMeta:
    fibers:
      optional: true
    node-sass:
      optional: true
    sass:
      optional: true
  bin:
    next: dist/bin/next
  checksum: b318797c09603afac4ce33de0fec0f17db67a868764a6d06d3dc3ea61663eedb3b6097951b218c637f1f06af6cf2701eca427aab25cff07228e5ae8ee7cd1bd5
  languageName: node
  linkType: hard

"picocolors@npm:^1.0.0":
  version: 1.0.0
  resolution: "picocolors@npm:1.0.0"
  checksum: 447e1f6e4953522a3947f2effa93dca66f2436a7c275327ba1a7fb526eab369fc9847d77ebcd734dc483322256f34b431e93a325e44726e4ec390c11cc7f5c87
  languageName: node
  linkType: hard

"picomatch@npm:^2.3.0":
  version: 2.3.1
  resolution: "picomatch@npm:2.3.1"
  checksum: 6ba5938c24af2c5918e94b39aa0ad48d71f2c30634de69d46e0bd32feb666de4e909406db6ffb78f98d39ef450d6a41b6fa3954dc3659d7b2b750766c1261e5e
  languageName: node
  linkType: hard

"postcss-value-parser@npm:^4.0.2":
  version: 4.2.0
  resolution: "postcss-value-parser@npm:4.2.0"
  checksum: edc490e9f11336a2efb136d8a52350b5c680ca9a91ee64285732e796177eb888f559a4eafc94cdbf7ce065a388e65b3cc21a32c92458a90efc445f30e8a679dc
  languageName: node
  linkType: hard

"postcss@npm:8.4.5":
  version: 8.4.5
  resolution: "postcss@npm:8.4.5"
  dependencies:
    nanoid: "npm:^3.1.30"
    picocolors: "npm:^1.0.0"
    source-map-js: "npm:^1.0.1"
  checksum: f316cc222005ee37abb8685e95ab33d784239201ff71bce1f1d7e142f398d7e5a6cfe3ff11425a50c79d4b22aebf983eb5eeee0c6494cbac82587b94743527c9
  languageName: node
  linkType: hard

"proxy-compare@npm:2.1.0":
  version: 2.1.0
  resolution: "proxy-compare@npm:2.1.0"
  checksum: cb549efbb26f1a2c1e8d6bd1f512a68e9d4a49241145c9b68c58211ca1f23c67377dae21fe588eb8801da57d429913df39877d18c7f865ab8709a5cbfb8449ef
  languageName: node
  linkType: hard

"react-is@npm:^16.7.0":
  version: 16.13.1
  resolution: "react-is@npm:16.13.1"
  checksum: 0c9adc5d984db733fb1dd298f3e94cdec66bc328d27fb11df65971d2cc9a299008bc64baab8fe8e79943df85b445a1008b2cc9e270825d0fd056e5a0d2df8de6
  languageName: node
  linkType: hard

"react-tracked@npm:^1.7.9":
  version: 1.7.9
  resolution: "react-tracked@npm:1.7.9"
  dependencies:
    proxy-compare: "npm:2.1.0"
    use-context-selector: "npm:1.3.10"
  peerDependencies:
    react: ">=16.8.0"
    react-dom: "*"
    react-native: "*"
    scheduler: ">=0.19.0"
  peerDependenciesMeta:
    react-dom:
      optional: true
    react-native:
      optional: true
  checksum: bcea5af821b3febf42ee61028e2e37ad4c44d0a0bc865460137a3dc9b0115bd29e7acb5c81ac9e0189cc96850dee90861101c9867f3801485df3d0e3a91bbf52
  languageName: node
  linkType: hard

"regenerator-runtime@npm:^0.13.4":
  version: 0.13.9
  resolution: "regenerator-runtime@npm:0.13.9"
  checksum: db060af0b2ca8bb7f12aea9dcf7416ff80259b39c2ddd38e0bd705b0a7acd9f07be133e543bbf54af1e86253b6fd553e3050fd6b30c3282731dd27560427f065
  languageName: node
  linkType: hard

"scroll-into-view-if-needed@npm:^2.2.20":
  version: 2.2.29
  resolution: "scroll-into-view-if-needed@npm:2.2.29"
  dependencies:
    compute-scroll-into-view: "npm:^1.0.17"
  checksum: 176cea7cc266f4caa01c15a5307f28fba8903a2db502436993fbc284f5876de09abd3992ddb3b55faa01761d7d43a17ea576aad73f7962442eac45c8b1dba0d0
  languageName: node
  linkType: hard

"shallowequal@npm:^1.1.0":
  version: 1.1.0
  resolution: "shallowequal@npm:1.1.0"
  checksum: 9ffaad8074fc1ff1b0ac6b58b8d3f000daa86d8ad1a3122d0dbf218ec777e3c5d2c753223684b46c1b886a66bc9fcd5cfea811e8bb39964220e05845182ae17a
  languageName: node
  linkType: hard

"slate-history@npm:0.66.0":
  version: 0.66.0
  resolution: "slate-history@npm:0.66.0"
  dependencies:
    is-plain-object: "npm:^5.0.0"
  peerDependencies:
    slate: ">=0.65.3"
  checksum: f649e0c0c037c23fb069c17af8f7082ccb7773da6da47ee62dc9bab6116d6a113776673b461c5d7d0bb863e76c86a4dfaeaec5439000d63535d3116be82e71fc
  languageName: node
  linkType: hard

"slate-react@npm:0.79.0":
  version: 0.79.0
  resolution: "slate-react@npm:0.79.0"
  dependencies:
    "@types/is-hotkey": "npm:^0.1.1"
    "@types/lodash": "npm:^4.14.149"
    direction: "npm:^1.0.3"
    is-hotkey: "npm:^0.1.6"
    is-plain-object: "npm:^5.0.0"
    lodash: "npm:^4.17.4"
    scroll-into-view-if-needed: "npm:^2.2.20"
    tiny-invariant: "npm:1.0.6"
  peerDependencies:
    react: ">=16.8.0"
    react-dom: ">=16.8.0"
    slate: ">=0.65.3"
  checksum: 6acc4a3159b88210acf345ac3ea39132fadf1f248fc98aaf96f7e1cb08ba21a6955863d899063a4f0121f00f11b2ab4f21340a9f4e0baad981672c2184ceb258
  languageName: node
  linkType: hard

"slate@npm:0.78.0":
  version: 0.78.0
  resolution: "slate@npm:0.78.0"
  dependencies:
    immer: "npm:^9.0.6"
    is-plain-object: "npm:^5.0.0"
    tiny-warning: "npm:^1.0.3"
  checksum: 0fbba1d6c6790fc0042933caeefbf99eac3601da528790e86a74b32c9ee2ff46c5112d83a9e1da544687468346aec43952fd27ef4a13cfcae25e40db306d33d8
  languageName: node
  linkType: hard

"source-map-js@npm:^1.0.1":
  version: 1.0.2
  resolution: "source-map-js@npm:1.0.2"
  checksum: 4496d29f371909dbc27dfb302f31cadc70b6f1591b2b433337daf923fac30e9632523e169494b40d06b53228166a577875a3610bce3412de8bb600152f748a9c
  languageName: node
  linkType: hard

"styled-components@npm:5.3.1":
  version: 5.3.1
  resolution: "styled-components@npm:5.3.1"
  dependencies:
    "@babel/helper-module-imports": "npm:^7.0.0"
    "@babel/traverse": "npm:^7.4.5"
    "@emotion/is-prop-valid": "npm:^0.8.8"
    "@emotion/stylis": "npm:^0.8.4"
    "@emotion/unitless": "npm:^0.7.4"
    babel-plugin-styled-components: "npm:>= 1.12.0"
    css-to-react-native: "npm:^3.0.0"
    hoist-non-react-statics: "npm:^3.0.0"
    shallowequal: "npm:^1.1.0"
    supports-color: "npm:^5.5.0"
  peerDependencies:
    react: ">= 16.8.0"
    react-dom: ">= 16.8.0"
    react-is: ">= 16.8.0"
  checksum: ced97c9d36ef8c8d3965ed7c2762417d756de153b3fe614aee82615b009c5f326a5558508f17f825cb718a2d1127db359912ca2ce084deaeec1e26f3b6bd0bc6
  languageName: node
  linkType: hard

"styled-jsx@npm:5.0.2":
  version: 5.0.2
  resolution: "styled-jsx@npm:5.0.2"
  peerDependencies:
    react: ">= 16.8.0 || 17.x.x || ^18.0.0-0"
  peerDependenciesMeta:
    "@babel/core":
      optional: true
    babel-plugin-macros:
      optional: true
  checksum: 9cd1ca01dc88b9f85fc18d8b17069305b1d4fa41821be8cff9029475855da76d41814ee26fbdaea8ea5a1cb35c7af2236f16d562762547c57fa735022807f6e9
  languageName: node
  linkType: hard

"supports-color@npm:^5.3.0, supports-color@npm:^5.5.0":
  version: 5.5.0
  resolution: "supports-color@npm:5.5.0"
  dependencies:
    has-flag: "npm:^3.0.0"
  checksum: 2eca8c4c8fccd2bd0027af240f85e99b1c9cb221186288dd478ce0fc61bdc07394e47f1bba2c91fe3ae432764772e3639e9c48bef19817267f151ae4a9b9ebef
  languageName: node
  linkType: hard

"tiny-invariant@npm:1.0.6":
  version: 1.0.6
  resolution: "tiny-invariant@npm:1.0.6"
  checksum: c62620e377bf7807bda65041fe66152ec6aac5ae452adcb1754e7e8ff96476bfda1c295a0adac36ca876fe7bf8f9ea6083d4b3e830e08405e54b95e2106373cc
  languageName: node
  linkType: hard

"tiny-warning@npm:^1.0.3":
  version: 1.0.3
  resolution: "tiny-warning@npm:1.0.3"
  checksum: 2fe4472b8904b1682eaeb2f4ac980b4eef1af65d94b57c391e0f2cac2a0b1e84c5d8d0b64edf451695b6a6566cfc3b0460f1812ec18ace189a34f0cfed4c9875
  languageName: node
  linkType: hard

"tippy.js@npm:^6.3.1":
  version: 6.3.7
  resolution: "tippy.js@npm:6.3.7"
  dependencies:
    "@popperjs/core": "npm:^2.9.0"
  checksum: b76da158f992f8889b9f05607d065ff1263d8aa3d0e2048a66d183ba35284b43ee9dd3c9be24afdc5854e4561830f44dc4836366fce6abf2f55738b029560776
  languageName: node
  linkType: hard

"to-fast-properties@npm:^2.0.0":
  version: 2.0.0
  resolution: "to-fast-properties@npm:2.0.0"
  checksum: 49d863a314830916634c1a28911db62be419b93fbc430c18955584f112d0e20ccd078c319c5a9af077e11bbf42cdcd8405726262bfb2d4db9fe91ae9f5585ed2
  languageName: node
  linkType: hard

"typescript@npm:4.5.5":
  version: 4.5.5
  resolution: "typescript@npm:4.5.5"
  bin:
    tsc: bin/tsc
    tsserver: bin/tsserver
  checksum: d2d7724f3a75ff831b39b9086cec2cbfeb54279c3c4e75f8dabdb1b3fcb837922fe26d09c1db396c33d0c023f20c50bfe2bc5d46c51537d633cf8e6f3ca4cb5e
  languageName: node
  linkType: hard

"typescript@patch:typescript@npm%3A4.5.5#optional!builtin<compat/typescript>":
  version: 4.5.5
  resolution: "typescript@patch:typescript@npm%3A4.5.5#optional!builtin<compat/typescript>::version=4.5.5&hash=f456af"
  bin:
    tsc: bin/tsc
    tsserver: bin/tsserver
  checksum: 71310a426dc2d8c8bef6d26e707c85c0588463ec9c61637045acc899e9942e50d94eced53d72d264615074476a55173979a76bf002ef5c70606580c82557c4e4
  languageName: node
  linkType: hard

"use-context-selector@npm:1.3.10":
  version: 1.3.10
  resolution: "use-context-selector@npm:1.3.10"
  peerDependencies:
    react: ">=16.8.0"
    react-dom: "*"
    react-native: "*"
    scheduler: ">=0.19.0"
  peerDependenciesMeta:
    react-dom:
      optional: true
    react-native:
      optional: true
  checksum: e1730079c90988c15c66d9823faac766b282afde37c78a31fb59811525765a86e8e8b074dedba3789b6473a18cfa410b7b78da3f86555fc4b686046044f4f35c
  languageName: node
  linkType: hard
