{
  "name": "@udecode/plate-core",
  "version": "1.0.0",
  "lockfileVersion": 1,
  "requires": true,
  "dependencies": {
    "lodash": {
      "version": "4.17.21",
      "resolved": "https://registry.npmjs.org/lodash/-/lodash-4.17.21.tgz",
      "integrity": "sha512-v2kDEe57lecTulaDIuNTPy3Ry4gLGJ6Z1O3vE1krgXZNrsQ+LFTGHVxVjcXPs17LhbZVGedAJv8XZ1tvj5FvSg=="
    },
    "zustand": {
      "version": "3.3.3",
      "resolved": "https://registry.npmjs.org/zustand/-/zustand-3.3.3.tgz",
      "integrity": "sha512-KTN/O76rVc9muDoprsCDe/LQjbuq+GHYt5JdYahuXaGZ+8Gyk44SepzTFeQTF5J+b8+/Q+o90BaSEQ3WImKPog=="
    }
  }
}